// !$*UTF8*$!
{
	archiveVersion = 1;
	classes = {
	};
	objectVersion = 46;
	objects = {

/* Begin PBXBuildFile section */
		863E20B7190BB8C700430E37 /* Foundation.framework in Frameworks */ = {isa = PBXBuildFile; fileRef = 863E20B6190BB8C700430E37 /* Foundation.framework */; };
		863E20B9190BB8C700430E37 /* CoreGraphics.framework in Frameworks */ = {isa = PBXBuildFile; fileRef = 863E20B8190BB8C700430E37 /* CoreGraphics.framework */; };
		863E20BB190BB8C700430E37 /* UIKit.framework in Frameworks */ = {isa = PBXBuildFile; fileRef = 863E20BA190BB8C700430E37 /* UIKit.framework */; };
		863E20C1190BB8C700430E37 /* InfoPlist.strings in Resources */ = {isa = PBXBuildFile; fileRef = 863E20BF190BB8C700430E37 /* InfoPlist.strings */; };
		863E20C3190BB8C700430E37 /* main.m in Sources */ = {isa = PBXBuildFile; fileRef = 863E20C2190BB8C700430E37 /* main.m */; };
		863E20C7190BB8C700430E37 /* AppDelegate.m in Sources */ = {isa = PBXBuildFile; fileRef = 863E20C6190BB8C700430E37 /* AppDelegate.m */; };
		863E20C9190BB8C700430E37 /* Images.xcassets in Resources */ = {isa = PBXBuildFile; fileRef = 863E20C8190BB8C700430E37 /* Images.xcassets */; };
		863E20D0190BB8C700430E37 /* XCTest.framework in Frameworks */ = {isa = PBXBuildFile; fileRef = 863E20CF190BB8C700430E37 /* XCTest.framework */; };
		863E20D1190BB8C700430E37 /* Foundation.framework in Frameworks */ = {isa = PBXBuildFile; fileRef = 863E20B6190BB8C700430E37 /* Foundation.framework */; };
		863E20D2190BB8C700430E37 /* UIKit.framework in Frameworks */ = {isa = PBXBuildFile; fileRef = 863E20BA190BB8C700430E37 /* UIKit.framework */; };
		863E20DA190BB8C700430E37 /* InfoPlist.strings in Resources */ = {isa = PBXBuildFile; fileRef = 863E20D8190BB8C700430E37 /* InfoPlist.strings */; };
		863E20DC190BB8C700430E37 /* NSStringFromAnyObjectTests.m in Sources */ = {isa = PBXBuildFile; fileRef = 863E20DB190BB8C700430E37 /* NSStringFromAnyObjectTests.m */; };
/* End PBXBuildFile section */

/* Begin PBXContainerItemProxy section */
		863E20D3190BB8C700430E37 /* PBXContainerItemProxy */ = {
			isa = PBXContainerItemProxy;
			containerPortal = 863E20AB190BB8C700430E37 /* Project object */;
			proxyType = 1;
			remoteGlobalIDString = 863E20B2190BB8C700430E37;
			remoteInfo = NSStringFromAnyObjectApp;
		};
/* End PBXContainerItemProxy section */

/* Begin PBXFileReference section */
		863E20B3190BB8C700430E37 /* NSStringFromAnyObjectApp.app */ = {isa = PBXFileReference; explicitFileType = wrapper.application; includeInIndex = 0; path = NSStringFromAnyObjectApp.app; sourceTree = BUILT_PRODUCTS_DIR; };
		863E20B6190BB8C700430E37 /* Foundation.framework */ = {isa = PBXFileReference; lastKnownFileType = wrapper.framework; name = Foundation.framework; path = System/Library/Frameworks/Foundation.framework; sourceTree = SDKROOT; };
		863E20B8190BB8C700430E37 /* CoreGraphics.framework */ = {isa = PBXFileReference; lastKnownFileType = wrapper.framework; name = CoreGraphics.framework; path = System/Library/Frameworks/CoreGraphics.framework; sourceTree = SDKROOT; };
		863E20BA190BB8C700430E37 /* UIKit.framework */ = {isa = PBXFileReference; lastKnownFileType = wrapper.framework; name = UIKit.framework; path = System/Library/Frameworks/UIKit.framework; sourceTree = SDKROOT; };
		863E20BE190BB8C700430E37 /* NSStringFromAnyObjectApp-Info.plist */ = {isa = PBXFileReference; lastKnownFileType = text.plist.xml; path = "NSStringFromAnyObjectApp-Info.plist"; sourceTree = "<group>"; };
		863E20C0190BB8C700430E37 /* en */ = {isa = PBXFileReference; lastKnownFileType = text.plist.strings; name = en; path = en.lproj/InfoPlist.strings; sourceTree = "<group>"; };
		863E20C2190BB8C700430E37 /* main.m */ = {isa = PBXFileReference; lastKnownFileType = sourcecode.c.objc; path = main.m; sourceTree = "<group>"; };
		863E20C4190BB8C700430E37 /* NSStringFromAnyObjectApp-Prefix.pch */ = {isa = PBXFileReference; lastKnownFileType = sourcecode.c.h; path = "NSStringFromAnyObjectApp-Prefix.pch"; sourceTree = "<group>"; };
		863E20C5190BB8C700430E37 /* AppDelegate.h */ = {isa = PBXFileReference; lastKnownFileType = sourcecode.c.h; path = AppDelegate.h; sourceTree = "<group>"; };
		863E20C6190BB8C700430E37 /* AppDelegate.m */ = {isa = PBXFileReference; lastKnownFileType = sourcecode.c.objc; path = AppDelegate.m; sourceTree = "<group>"; };
		863E20C8190BB8C700430E37 /* Images.xcassets */ = {isa = PBXFileReference; lastKnownFileType = folder.assetcatalog; path = Images.xcassets; sourceTree = "<group>"; };
		863E20CE190BB8C700430E37 /* NSStringFromAnyObjectTests.xctest */ = {isa = PBXFileReference; explicitFileType = wrapper.cfbundle; includeInIndex = 0; path = NSStringFromAnyObjectTests.xctest; sourceTree = BUILT_PRODUCTS_DIR; };
		863E20CF190BB8C700430E37 /* XCTest.framework */ = {isa = PBXFileReference; lastKnownFileType = wrapper.framework; name = XCTest.framework; path = Library/Frameworks/XCTest.framework; sourceTree = DEVELOPER_DIR; };
		863E20D7190BB8C700430E37 /* NSStringFromAnyObjectAppTests-Info.plist */ = {isa = PBXFileReference; lastKnownFileType = text.plist.xml; path = "NSStringFromAnyObjectAppTests-Info.plist"; sourceTree = "<group>"; };
		863E20D9190BB8C700430E37 /* en */ = {isa = PBXFileReference; lastKnownFileType = text.plist.strings; name = en; path = en.lproj/InfoPlist.strings; sourceTree = "<group>"; };
		863E20DB190BB8C700430E37 /* NSStringFromAnyObjectTests.m */ = {isa = PBXFileReference; lastKnownFileType = sourcecode.c.objc; path = NSStringFromAnyObjectTests.m; sourceTree = "<group>"; };
/* End PBXFileReference section */

/* Begin PBXFrameworksBuildPhase section */
		863E20B0190BB8C700430E37 /* Frameworks */ = {
			isa = PBXFrameworksBuildPhase;
			buildActionMask = 2147483647;
			files = (
				863E20B9190BB8C700430E37 /* CoreGraphics.framework in Frameworks */,
				863E20BB190BB8C700430E37 /* UIKit.framework in Frameworks */,
				863E20B7190BB8C700430E37 /* Foundation.framework in Frameworks */,
			);
			runOnlyForDeploymentPostprocessing = 0;
		};
		863E20CB190BB8C700430E37 /* Frameworks */ = {
			isa = PBXFrameworksBuildPhase;
			buildActionMask = 2147483647;
			files = (
				863E20D0190BB8C700430E37 /* XCTest.framework in Frameworks */,
				863E20D2190BB8C700430E37 /* UIKit.framework in Frameworks */,
				863E20D1190BB8C700430E37 /* Foundation.framework in Frameworks */,
			);
			runOnlyForDeploymentPostprocessing = 0;
		};
/* End PBXFrameworksBuildPhase section */

/* Begin PBXGroup section */
		863E20AA190BB8C700430E37 = {
			isa = PBXGroup;
			children = (
				863E20BC190BB8C700430E37 /* NSStringFromAnyObjectApp */,
				863E20D5190BB8C700430E37 /* NSStringFromAnyObjectTests */,
				863E20B5190BB8C700430E37 /* Frameworks */,
				863E20B4190BB8C700430E37 /* Products */,
			);
			sourceTree = "<group>";
		};
		863E20B4190BB8C700430E37 /* Products */ = {
			isa = PBXGroup;
			children = (
				863E20B3190BB8C700430E37 /* NSStringFromAnyObjectApp.app */,
				863E20CE190BB8C700430E37 /* NSStringFromAnyObjectTests.xctest */,
			);
			name = Products;
			sourceTree = "<group>";
		};
		863E20B5190BB8C700430E37 /* Frameworks */ = {
			isa = PBXGroup;
			children = (
				863E20B6190BB8C700430E37 /* Foundation.framework */,
				863E20B8190BB8C700430E37 /* CoreGraphics.framework */,
				863E20BA190BB8C700430E37 /* UIKit.framework */,
				863E20CF190BB8C700430E37 /* XCTest.framework */,
			);
			name = Frameworks;
			sourceTree = "<group>";
		};
		863E20BC190BB8C700430E37 /* NSStringFromAnyObjectApp */ = {
			isa = PBXGroup;
			children = (
				863E20C5190BB8C700430E37 /* AppDelegate.h */,
				863E20C6190BB8C700430E37 /* AppDelegate.m */,
				863E20C8190BB8C700430E37 /* Images.xcassets */,
				863E20BD190BB8C700430E37 /* Supporting Files */,
			);
			path = NSStringFromAnyObjectApp;
			sourceTree = "<group>";
		};
		863E20BD190BB8C700430E37 /* Supporting Files */ = {
			isa = PBXGroup;
			children = (
				863E20BE190BB8C700430E37 /* NSStringFromAnyObjectApp-Info.plist */,
				863E20BF190BB8C700430E37 /* InfoPlist.strings */,
				863E20C2190BB8C700430E37 /* main.m */,
				863E20C4190BB8C700430E37 /* NSStringFromAnyObjectApp-Prefix.pch */,
			);
			name = "Supporting Files";
			sourceTree = "<group>";
		};
		863E20D5190BB8C700430E37 /* NSStringFromAnyObjectTests */ = {
			isa = PBXGroup;
			children = (
				863E20DB190BB8C700430E37 /* NSStringFromAnyObjectTests.m */,
				863E20D6190BB8C700430E37 /* Supporting Files */,
			);
			name = NSStringFromAnyObjectTests;
			path = NSStringFromAnyObjectAppTests;
			sourceTree = "<group>";
		};
		863E20D6190BB8C700430E37 /* Supporting Files */ = {
			isa = PBXGroup;
			children = (
				863E20D7190BB8C700430E37 /* NSStringFromAnyObjectAppTests-Info.plist */,
				863E20D8190BB8C700430E37 /* InfoPlist.strings */,
			);
			name = "Supporting Files";
			sourceTree = "<group>";
		};
/* End PBXGroup section */

/* Begin PBXNativeTarget section */
		863E20B2190BB8C700430E37 /* NSStringFromAnyObjectApp */ = {
			isa = PBXNativeTarget;
			buildConfigurationList = 863E20DF190BB8C700430E37 /* Build configuration list for PBXNativeTarget "NSStringFromAnyObjectApp" */;
			buildPhases = (
				863E20AF190BB8C700430E37 /* Sources */,
				863E20B0190BB8C700430E37 /* Frameworks */,
				863E20B1190BB8C700430E37 /* Resources */,
			);
			buildRules = (
			);
			dependencies = (
			);
			name = NSStringFromAnyObjectApp;
			productName = NSStringFromAnyObjectApp;
			productReference = 863E20B3190BB8C700430E37 /* NSStringFromAnyObjectApp.app */;
			productType = "com.apple.product-type.application";
		};
		863E20CD190BB8C700430E37 /* NSStringFromAnyObjectTests */ = {
			isa = PBXNativeTarget;
			buildConfigurationList = 863E20E2190BB8C700430E37 /* Build configuration list for PBXNativeTarget "NSStringFromAnyObjectTests" */;
			buildPhases = (
				863E20CA190BB8C700430E37 /* Sources */,
				863E20CB190BB8C700430E37 /* Frameworks */,
				863E20CC190BB8C700430E37 /* Resources */,
			);
			buildRules = (
			);
			dependencies = (
				863E20D4190BB8C700430E37 /* PBXTargetDependency */,
			);
			name = NSStringFromAnyObjectTests;
			productName = NSStringFromAnyObjectAppTests;
			productReference = 863E20CE190BB8C700430E37 /* NSStringFromAnyObjectTests.xctest */;
			productType = "com.apple.product-type.bundle.unit-test";
		};
/* End PBXNativeTarget section */

/* Begin PBXProject section */
		863E20AB190BB8C700430E37 /* Project object */ = {
			isa = PBXProject;
			attributes = {
				LastUpgradeCheck = 0510;
				ORGANIZATIONNAME = "Stanislaw Pankevich";
			};
			buildConfigurationList = 863E20AE190BB8C700430E37 /* Build configuration list for PBXProject "NSStringFromAnyObjectApp" */;
			compatibilityVersion = "Xcode 3.2";
			developmentRegion = English;
			hasScannedForEncodings = 0;
			knownRegions = (
				en,
			);
			mainGroup = 863E20AA190BB8C700430E37;
			productRefGroup = 863E20B4190BB8C700430E37 /* Products */;
			projectDirPath = "";
			projectRoot = "";
			targets = (
				863E20B2190BB8C700430E37 /* NSStringFromAnyObjectApp */,
				863E20CD190BB8C700430E37 /* NSStringFromAnyObjectTests */,
			);
		};
/* End PBXProject section */

/* Begin PBXResourcesBuildPhase section */
		863E20B1190BB8C700430E37 /* Resources */ = {
			isa = PBXResourcesBuildPhase;
			buildActionMask = 2147483647;
			files = (
				863E20C1190BB8C700430E37 /* InfoPlist.strings in Resources */,
				863E20C9190BB8C700430E37 /* Images.xcassets in Resources */,
			);
			runOnlyForDeploymentPostprocessing = 0;
		};
		863E20CC190BB8C700430E37 /* Resources */ = {
			isa = PBXResourcesBuildPhase;
			buildActionMask = 2147483647;
			files = (
				863E20DA190BB8C700430E37 /* InfoPlist.strings in Resources */,
			);
			runOnlyForDeploymentPostprocessing = 0;
		};
/* End PBXResourcesBuildPhase section */

/* Begin PBXSourcesBuildPhase section */
		863E20AF190BB8C700430E37 /* Sources */ = {
			isa = PBXSourcesBuildPhase;
			buildActionMask = 2147483647;
			files = (
				863E20C7190BB8C700430E37 /* AppDelegate.m in Sources */,
				863E20C3190BB8C700430E37 /* main.m in Sources */,
			);
			runOnlyForDeploymentPostprocessing = 0;
		};
		863E20CA190BB8C700430E37 /* Sources */ = {
			isa = PBXSourcesBuildPhase;
			buildActionMask = 2147483647;
			files = (
				863E20DC190BB8C700430E37 /* NSStringFromAnyObjectTests.m in Sources */,
			);
			runOnlyForDeploymentPostprocessing = 0;
		};
/* End PBXSourcesBuildPhase section */

/* Begin PBXTargetDependency section */
		863E20D4190BB8C700430E37 /* PBXTargetDependency */ = {
			isa = PBXTargetDependency;
			target = 863E20B2190BB8C700430E37 /* NSStringFromAnyObjectApp */;
			targetProxy = 863E20D3190BB8C700430E37 /* PBXContainerItemProxy */;
		};
/* End PBXTargetDependency section */

/* Begin PBXVariantGroup section */
		863E20BF190BB8C700430E37 /* InfoPlist.strings */ = {
			isa = PBXVariantGroup;
			children = (
				863E20C0190BB8C700430E37 /* en */,
			);
			name = InfoPlist.strings;
			sourceTree = "<group>";
		};
		863E20D8190BB8C700430E37 /* InfoPlist.strings */ = {
			isa = PBXVariantGroup;
			children = (
				863E20D9190BB8C700430E37 /* en */,
			);
			name = InfoPlist.strings;
			sourceTree = "<group>";
		};
/* End PBXVariantGroup section */

/* Begin XCBuildConfiguration section */
		863E20DD190BB8C700430E37 /* Debug */ = {
			isa = XCBuildConfiguration;
			buildSettings = {
				ALWAYS_SEARCH_USER_PATHS = NO;
				CLANG_CXX_LANGUAGE_STANDARD = "gnu++0x";
				CLANG_CXX_LIBRARY = "libc++";
				CLANG_ENABLE_MODULES = YES;
				CLANG_ENABLE_OBJC_ARC = YES;
				CLANG_WARN_BOOL_CONVERSION = YES;
				CLANG_WARN_CONSTANT_CONVERSION = YES;
				CLANG_WARN_DIRECT_OBJC_ISA_USAGE = YES_ERROR;
				CLANG_WARN_EMPTY_BODY = YES;
				CLANG_WARN_ENUM_CONVERSION = YES;
				CLANG_WARN_INT_CONVERSION = YES;
				CLANG_WARN_OBJC_ROOT_CLASS = YES_ERROR;
				CLANG_WARN__DUPLICATE_METHOD_MATCH = YES;
				"CODE_SIGN_IDENTITY[sdk=iphoneos*]" = "iPhone Developer";
				COPY_PHASE_STRIP = NO;
				GCC_C_LANGUAGE_STANDARD = gnu99;
				GCC_DYNAMIC_NO_PIC = NO;
				GCC_OPTIMIZATION_LEVEL = 0;
				GCC_PREPROCESSOR_DEFINITIONS = (
					"DEBUG=1",
					"$(inherited)",
				);
				GCC_SYMBOLS_PRIVATE_EXTERN = NO;
				GCC_WARN_64_TO_32_BIT_CONVERSION = YES;
				GCC_WARN_ABOUT_RETURN_TYPE = YES_ERROR;
				GCC_WARN_UNDECLARED_SELECTOR = YES;
				GCC_WARN_UNINITIALIZED_AUTOS = YES_AGGRESSIVE;
				GCC_WARN_UNUSED_FUNCTION = YES;
				GCC_WARN_UNUSED_VARIABLE = YES;
				IPHONEOS_DEPLOYMENT_TARGET = 7.1;
				ONLY_ACTIVE_ARCH = YES;
				SDKROOT = iphoneos;
				TARGETED_DEVICE_FAMILY = "1,2";
			};
			name = Debug;
		};
		863E20DE190BB8C700430E37 /* Release */ = {
			isa = XCBuildConfiguration;
			buildSettings = {
				ALWAYS_SEARCH_USER_PATHS = NO;
				CLANG_CXX_LANGUAGE_STANDARD = "gnu++0x";
				CLANG_CXX_LIBRARY = "libc++";
				CLANG_ENABLE_MODULES = YES;
				CLANG_ENABLE_OBJC_ARC = YES;
				CLANG_WARN_BOOL_CONVERSION = YES;
				CLANG_WARN_CONSTANT_CONVERSION = YES;
				CLANG_WARN_DIRECT_OBJC_ISA_USAGE = YES_ERROR;
				CLANG_WARN_EMPTY_BODY = YES;
				CLANG_WARN_ENUM_CONVERSION = YES;
				CLANG_WARN_INT_CONVERSION = YES;
				CLANG_WARN_OBJC_ROOT_CLASS = YES_ERROR;
				CLANG_WARN__DUPLICATE_METHOD_MATCH = YES;
				"CODE_SIGN_IDENTITY[sdk=iphoneos*]" = "iPhone Developer";
				COPY_PHASE_STRIP = YES;
				ENABLE_NS_ASSERTIONS = NO;
				GCC_C_LANGUAGE_STANDARD = gnu99;
				GCC_WARN_64_TO_32_BIT_CONVERSION = YES;
				GCC_WARN_ABOUT_RETURN_TYPE = YES_ERROR;
				GCC_WARN_UNDECLARED_SELECTOR = YES;
				GCC_WARN_UNINITIALIZED_AUTOS = YES_AGGRESSIVE;
				GCC_WARN_UNUSED_FUNCTION = YES;
				GCC_WARN_UNUSED_VARIABLE = YES;
				IPHONEOS_DEPLOYMENT_TARGET = 7.1;
				SDKROOT = iphoneos;
				TARGETED_DEVICE_FAMILY = "1,2";
				VALIDATE_PRODUCT = YES;
			};
			name = Release;
		};
		863E20E0190BB8C700430E37 /* Debug */ = {
			isa = XCBuildConfiguration;
			buildSettings = {
				ASSETCATALOG_COMPILER_APPICON_NAME = AppIcon;
				ASSETCATALOG_COMPILER_LAUNCHIMAGE_NAME = LaunchImage;
				GCC_PRECOMPILE_PREFIX_HEADER = YES;
				GCC_PREFIX_HEADER = "NSStringFromAnyObjectApp/NSStringFromAnyObjectApp-Prefix.pch";
				INFOPLIST_FILE = "NSStringFromAnyObjectApp/NSStringFromAnyObjectApp-Info.plist";
				PRODUCT_NAME = "$(TARGET_NAME)";
				WRAPPER_EXTENSION = app;
			};
			name = Debug;
		};
		863E20E1190BB8C700430E37 /* Release */ = {
			isa = XCBuildConfiguration;
			buildSettings = {
				ASSETCATALOG_COMPILER_APPICON_NAME = AppIcon;
				ASSETCATALOG_COMPILER_LAUNCHIMAGE_NAME = LaunchImage;
				GCC_PRECOMPILE_PREFIX_HEADER = YES;
				GCC_PREFIX_HEADER = "NSStringFromAnyObjectApp/NSStringFromAnyObjectApp-Prefix.pch";
				INFOPLIST_FILE = "NSStringFromAnyObjectApp/NSStringFromAnyObjectApp-Info.plist";
				PRODUCT_NAME = "$(TARGET_NAME)";
				WRAPPER_EXTENSION = app;
			};
			name = Release;
		};
		863E20E3190BB8C700430E37 /* Debug */ = {
			isa = XCBuildConfiguration;
			buildSettings = {
				FRAMEWORK_SEARCH_PATHS = (
					"$(SDKROOT)/Developer/Library/Frameworks",
					"$(inherited)",
					"$(DEVELOPER_FRAMEWORKS_DIR)",
				);
				GCC_PRECOMPILE_PREFIX_HEADER = YES;
				GCC_PREFIX_HEADER = "NSStringFromAnyObjectApp/NSStringFromAnyObjectApp-Prefix.pch";
				GCC_PREPROCESSOR_DEFINITIONS = (
					"DEBUG=1",
					"$(inherited)",
				);
				INFOPLIST_FILE = "NSStringFromAnyObjectAppTests/NSStringFromAnyObjectAppTests-Info.plist";
				PRODUCT_NAME = "$(TARGET_NAME)";
				WRAPPER_EXTENSION = xctest;
			};
			name = Debug;
		};
		863E20E4190BB8C700430E37 /* Release */ = {
			isa = XCBuildConfiguration;
			buildSettings = {
				FRAMEWORK_SEARCH_PATHS = (
					"$(SDKROOT)/Developer/Library/Frameworks",
					"$(inherited)",
					"$(DEVELOPER_FRAMEWORKS_DIR)",
				);
				GCC_PRECOMPILE_PREFIX_HEADER = YES;
				GCC_PREFIX_HEADER = "NSStringFromAnyObjectApp/NSStringFromAnyObjectApp-Prefix.pch";
				INFOPLIST_FILE = "NSStringFromAnyObjectAppTests/NSStringFromAnyObjectAppTests-Info.plist";
				PRODUCT_NAME = "$(TARGET_NAME)";
				WRAPPER_EXTENSION = xctest;
			};
			name = Release;
		};
/* End XCBuildConfiguration section */

/* Begin XCConfigurationList section */
		863E20AE190BB8C700430E37 /* Build configuration list for PBXProject "NSStringFromAnyObjectApp" */ = {
			isa = XCConfigurationList;
			buildConfigurations = (
				863E20DD190BB8C700430E37 /* Debug */,
				863E20DE190BB8C700430E37 /* Release */,
			);
			defaultConfigurationIsVisible = 0;
			defaultConfigurationName = Release;
		};
		863E20DF190BB8C700430E37 /* Build configuration list for PBXNativeTarget "NSStringFromAnyObjectApp" */ = {
			isa = XCConfigurationList;
			buildConfigurations = (
				863E20E0190BB8C700430E37 /* Debug */,
				863E20E1190BB8C700430E37 /* Release */,
			);
			defaultConfigurationIsVisible = 0;
			defaultConfigurationName = Release;
		};
		863E20E2190BB8C700430E37 /* Build configuration list for PBXNativeTarget "NSStringFromAnyObjectTests" */ = {
			isa = XCConfigurationList;
			buildConfigurations = (
				863E20E3190BB8C700430E37 /* Debug */,
				863E20E4190BB8C700430E37 /* Release */,
			);
			defaultConfigurationIsVisible = 0;
			defaultConfigurationName = Release;
		};
/* End XCConfigurationList section */
	};
	rootObject = 863E20AB190BB8C700430E37 /* Project object */;
}
